
Microsoft Visual Studio Solution File, Format Version 12.00
# Visual Studio 15
VisualStudioVersion = 15.0.28307.136
MinimumVisualStudioVersion = 10.0.40219.1
Project("{FAE04EC0-301F-11D3-BF4B-00C04F79EFBC}") = "SkillersPokerSystem", "SkillersPokerSystem\SkillersPokerSystem.csproj", "{0350F3F4-33A2-47E8-BC18-54653DBB06BC}"
EndProject
Global
	GlobalSection(SolutionConfigurationPlatforms) = preSolution
		Debug|Any CPU = Debug|Any CPU
		Release|Any CPU = Release|Any CPU
	EndGlobalSection
	GlobalSection(ProjectConfigurationPlatforms) = postSolution
		{0350F3F4-33A2-47E8-BC18-54653DBB06BC}.Debug|Any CPU.ActiveCfg = Debug|Any CPU
		{0350F3F4-33A2-47E8-BC18-54653DBB06BC}.Debug|Any CPU.Build.0 = Debug|Any CPU
		{0350F3F4-33A2-47E8-BC18-54653DBB06BC}.Release|Any CPU.ActiveCfg = Release|Any CPU
		{0350F3F4-33A2-47E8-BC18-54653DBB06BC}.Release|Any CPU.Build.0 = Release|Any CPU
	EndGlobalSection
	GlobalSection(SolutionProperties) = preSolution
		HideSolutionNode = FALSE
	EndGlobalSection
	GlobalSection(ExtensibilityGlobals) = postSolution
		SolutionGuid = {489ED7A6-AB63-4F76-9DB4-F337C3DDEECB}
	EndGlobalSection
EndGlobal
